packages:
  - name: dbt_utils
    package: dbt-labs/dbt_utils
    version: 1.2.0
  - name: codegen
    package: dbt-labs/codegen
    version: 0.12.1
  - name: dbt_date
    package: calogica/dbt_date
    version: 0.10.1
  - name: dbt_expectations
    package: calogica/dbt_expectations
    version: 0.10.3
sha1_hash: bec0bf8e45670e4e6ed1cdc2e54602d54859490d
